
Microsoft Visual Studio Solution File, Format Version 12.00
# Visual Studio Version 16
VisualStudioVersion = 16.0.31515.178
MinimumVisualStudioVersion = 10.0.40219.1
Project("{FAE04EC0-301F-11D3-BF4B-00C04F79EFBC}") = "BestOil", "BestOil\BestOil.csproj", "{549E3769-B9F0-40FF-9C80-95BED313A19A}"
EndProject
Global
	GlobalSection(SolutionConfigurationPlatforms) = preSolution
		Debug|Any CPU = Debug|Any CPU
		Release|Any CPU = Release|Any CPU
	EndGlobalSection
	GlobalSection(ProjectConfigurationPlatforms) = postSolution
		{549E3769-B9F0-40FF-9C80-95BED313A19A}.Debug|Any CPU.ActiveCfg = Debug|Any CPU
		{549E3769-B9F0-40FF-9C80-95BED313A19A}.Debug|Any CPU.Build.0 = Debug|Any CPU
		{549E3769-B9F0-40FF-9C80-95BED313A19A}.Release|Any CPU.ActiveCfg = Release|Any CPU
		{549E3769-B9F0-40FF-9C80-95BED313A19A}.Release|Any CPU.Build.0 = Release|Any CPU
	EndGlobalSection
	GlobalSection(SolutionProperties) = preSolution
		HideSolutionNode = FALSE
	EndGlobalSection
	GlobalSection(ExtensibilityGlobals) = postSolution
		SolutionGuid = {C2010C9F-39F4-4412-B7A6-FF4D2F7D2DD2}
	EndGlobalSection
EndGlobal
